
Microsoft Visual Studio Solution File, Format Version 12.00
# Visual Studio Version 16
VisualStudioVersion = 16.0.34031.81
MinimumVisualStudioVersion = 10.0.40219.1
Project("{2150E333-8FDC-42A3-9474-1A3956D46DE8}") = "Task0", "Task0", "{C8B87D42-CFA7-43EA-86C7-874434C65687}"
EndProject
Project("{FAE04EC0-301F-11D3-BF4B-00C04F79EFBC}") = "Tyuiu.ShustovTS.Sprint4.Task0.V5", "Tyuiu.ShustovTS.Sprint4.Task0.V5\Tyuiu.ShustovTS.Sprint4.Task0.V5.csproj", "{B6E77E95-B870-47F7-893D-7C7F8AE8CB2B}"
EndProject
Project("{FAE04EC0-301F-11D3-BF4B-00C04F79EFBC}") = "Tyuiu.ShustovTS.Sprint4.Task0.V5.Lib", "Tyuiu.ShustovTS.Sprint4.Task0.V5.Lib\Tyuiu.ShustovTS.Sprint4.Task0.V5.Lib.csproj", "{1EDF153A-E091-4564-9725-0AC3931D5877}"
EndProject
Project("{FAE04EC0-301F-11D3-BF4B-00C04F79EFBC}") = "Tyuiu.ShustovTS.Sprint4.Task0.V5.Test", "Tyuiu.ShustovTS.Sprint4.Task0.V5.Test\Tyuiu.ShustovTS.Sprint4.Task0.V5.Test.csproj", "{7C8DD2B3-1FBE-4494-81D1-C7468E665976}"
EndProject
Project("{2150E333-8FDC-42A3-9474-1A3956D46DE8}") = "Task1", "Task1", "{41966D27-15BB-4AB9-85BC-BC2F585E7BB2}"
EndProject
Project("{FAE04EC0-301F-11D3-BF4B-00C04F79EFBC}") = "Tyuiu.ShustovTS.Sprint4.Task1.V12", "Tyuiu.ShustovTS.Sprint4.Task1.V12\Tyuiu.ShustovTS.Sprint4.Task1.V12.csproj", "{A6F9CC47-998A-4D32-AE22-A85B3B1E812D}"
EndProject
Project("{FAE04EC0-301F-11D3-BF4B-00C04F79EFBC}") = "Tyuiu.ShustovTS.Sprint4.Task1.V12.Lib", "Tyuiu.ShustovTS.Sprint4.Task1.V12.Lib\Tyuiu.ShustovTS.Sprint4.Task1.V12.Lib.csproj", "{DA88440A-A50E-414F-B28F-150239490112}"
EndProject
Project("{FAE04EC0-301F-11D3-BF4B-00C04F79EFBC}") = "Tyuiu.ShustovTS.Sprint4.Task1.V12.Test", "Tyuiu.ShustovTS.Sprint4.Task1.V12.Test\Tyuiu.ShustovTS.Sprint4.Task1.V12.Test.csproj", "{4356E6C8-14A6-4D1F-A8B2-EA28F47F79D3}"
EndProject
Project("{2150E333-8FDC-42A3-9474-1A3956D46DE8}") = "Task2", "Task2", "{2E5FC912-A699-45EA-A9AE-1D1B05D22653}"
EndProject
Project("{FAE04EC0-301F-11D3-BF4B-00C04F79EFBC}") = "Tyuiu.ShustovTS.Sprint4.Task2.V23", "Tyuiu.ShustovTS.Sprint4.Task2.V23\Tyuiu.ShustovTS.Sprint4.Task2.V23.csproj", "{24B58DC6-32F2-42A9-B678-8AB3ED90088B}"
EndProject
Project("{FAE04EC0-301F-11D3-BF4B-00C04F79EFBC}") = "Tyuiu.ShustovTS.Sprint4.Task2.V23.Lib", "Tyuiu.ShustovTS.Sprint4.Task2.V23.Lib\Tyuiu.ShustovTS.Sprint4.Task2.V23.Lib.csproj", "{A0CD9EDF-98FB-49F8-B951-A4255AB89D1C}"
EndProject
Project("{FAE04EC0-301F-11D3-BF4B-00C04F79EFBC}") = "Tyuiu.ShustovTS.Sprint4.Task2.V23.Test", "Tyuiu.ShustovTS.Sprint4.Task2.V23.Test\Tyuiu.ShustovTS.Sprint4.Task2.V23.Test.csproj", "{0CCDC089-701B-4EE6-983A-D5F0A963455D}"
EndProject
Project("{2150E333-8FDC-42A3-9474-1A3956D46DE8}") = "Task3", "Task3", "{357B4D3E-5F74-4A53-BCB1-EB646DDE6EDE}"
EndProject
Project("{FAE04EC0-301F-11D3-BF4B-00C04F79EFBC}") = "Tyuiu.ShustovTS.Sprint4.Task3.V25", "Tyuiu.ShustovTS.Sprint4.Task3.V25\Tyuiu.ShustovTS.Sprint4.Task3.V25.csproj", "{C6DDA1E2-B489-428B-AD46-B5A7FE366EA5}"
EndProject
Project("{FAE04EC0-301F-11D3-BF4B-00C04F79EFBC}") = "Tyuiu.ShustovTS.Sprint4.Task3.V25.Lib", "Tyuiu.ShustovTS.Sprint4.Task3.V25.Lib\Tyuiu.ShustovTS.Sprint4.Task3.V25.Lib.csproj", "{002EF8F2-FB52-4E86-9276-2675D2724DCF}"
EndProject
Project("{FAE04EC0-301F-11D3-BF4B-00C04F79EFBC}") = "Tyuiu.ShustovTS.Sprint4.Task3.V25.Test", "Tyuiu.ShustovTS.Sprint4.Task3.V25.Test\Tyuiu.ShustovTS.Sprint4.Task3.V25.Test.csproj", "{B92FC4CB-DDC8-4DC9-BE66-70A7FFA87378}"
EndProject
Project("{2150E333-8FDC-42A3-9474-1A3956D46DE8}") = "Task4", "Task4", "{2ECC7C6A-388E-4D15-B95D-17609E78E7B2}"
EndProject
Project("{FAE04EC0-301F-11D3-BF4B-00C04F79EFBC}") = "Tyuiu.ShustovTS.Sprint4.Task4.V14", "Tyuiu.ShustovTS.Sprint4.Task4.V14\Tyuiu.ShustovTS.Sprint4.Task4.V14.csproj", "{87D65AC1-4ACC-47E0-8A4F-2EF05FA20168}"
EndProject
Project("{FAE04EC0-301F-11D3-BF4B-00C04F79EFBC}") = "Tyuiu.ShustovTS.Sprint4.Task4.V14.Lib", "Tyuiu.ShustovTS.Sprint4.Task4.V14.Lib\Tyuiu.ShustovTS.Sprint4.Task4.V14.Lib.csproj", "{E2D5190B-8F4E-4028-9530-9EAE7A642AC3}"
EndProject
Project("{FAE04EC0-301F-11D3-BF4B-00C04F79EFBC}") = "Tyuiu.ShustovTS.Sprint4.Task4.V14.Test", "Tyuiu.ShustovTS.Sprint4.Task4.V14.Test\Tyuiu.ShustovTS.Sprint4.Task4.V14.Test.csproj", "{E0921418-CBC7-4C88-AE0A-8C56D524B441}"
EndProject
Project("{2150E333-8FDC-42A3-9474-1A3956D46DE8}") = "Task5", "Task5", "{6BFB471C-90B8-4949-B8E0-124B141949C7}"
EndProject
Project("{FAE04EC0-301F-11D3-BF4B-00C04F79EFBC}") = "Tyuiu.ShustovTS.Sprint4.Task5.V23", "Tyuiu.ShustovTS.Sprint4.Task5.V23\Tyuiu.ShustovTS.Sprint4.Task5.V23.csproj", "{E81D4678-AB76-405A-A14A-720AEC500061}"
EndProject
Project("{FAE04EC0-301F-11D3-BF4B-00C04F79EFBC}") = "Tyuiu.ShustovTS.Sprint4.Task5.V23.Lib", "Tyuiu.ShustovTS.Sprint4.Task5.V23.Lib\Tyuiu.ShustovTS.Sprint4.Task5.V23.Lib.csproj", "{333C91A6-44CE-4BBE-9276-649445F2CA95}"
EndProject
Project("{FAE04EC0-301F-11D3-BF4B-00C04F79EFBC}") = "Tyuiu.ShustovTS.Sprint4.Task5.V23.Test", "Tyuiu.ShustovTS.Sprint4.Task5.V23.Test\Tyuiu.ShustovTS.Sprint4.Task5.V23.Test.csproj", "{72A088D4-6A3E-44F5-93A6-41CE93D728E8}"
EndProject
Project("{2150E333-8FDC-42A3-9474-1A3956D46DE8}") = "Task6", "Task6", "{B1E61A86-BBCB-4268-8BD9-7BF2317DB7C7}"
EndProject
Project("{FAE04EC0-301F-11D3-BF4B-00C04F79EFBC}") = "Tyuiu.ShustovTS.Sprint4.Task6.V8", "Tyuiu.ShustovTS.Sprint4.Task6.V8\Tyuiu.ShustovTS.Sprint4.Task6.V8.csproj", "{756C5368-AA1B-478C-B792-CD7DC303C14E}"
EndProject
Project("{FAE04EC0-301F-11D3-BF4B-00C04F79EFBC}") = "Tyuiu.ShustovTS.Sprint4.Task6.V8.Lib", "Tyuiu.ShustovTS.Sprint4.Task6.V8.Lib\Tyuiu.ShustovTS.Sprint4.Task6.V8.Lib.csproj", "{3CDD3726-879E-474E-B6BE-8A9019655414}"
EndProject
Project("{FAE04EC0-301F-11D3-BF4B-00C04F79EFBC}") = "Tyuiu.ShustovTS.Sprint4.Task6.V8.Test", "Tyuiu.ShustovTS.Sprint4.Task6.V8.Test\Tyuiu.ShustovTS.Sprint4.Task6.V8.Test.csproj", "{70E0CEE8-CE6B-4460-9BA5-D00FDCBB2432}"
EndProject
Project("{2150E333-8FDC-42A3-9474-1A3956D46DE8}") = "Task7", "Task7", "{67F11577-5436-46A3-B486-C648AB55A8B2}"
EndProject
Project("{FAE04EC0-301F-11D3-BF4B-00C04F79EFBC}") = "Tyuiu.ShustovTS.Sprint4.Task7.V10", "Tyuiu.ShustovTS.Sprint4.Task7.V10\Tyuiu.ShustovTS.Sprint4.Task7.V10.csproj", "{AC4BC92A-1F74-430F-A4E4-6A7D8AEEA720}"
EndProject
Project("{FAE04EC0-301F-11D3-BF4B-00C04F79EFBC}") = "Tyuiu.ShustovTS.Sprint4.Task7.V10.Lib", "Tyuiu.ShustovTS.Sprint4.Task7.V10.Lib\Tyuiu.ShustovTS.Sprint4.Task7.V10.Lib.csproj", "{830D6229-51FF-4FF4-A34E-97F2AF19E86D}"
EndProject
Project("{FAE04EC0-301F-11D3-BF4B-00C04F79EFBC}") = "Tyuiu.ShustovTS.Sprint4.Task7.V10.Test", "Tyuiu.ShustovTS.Sprint4.Task7.V10.Test\Tyuiu.ShustovTS.Sprint4.Task7.V10.Test.csproj", "{3C0EBDBD-9A3C-4BB5-BA68-792C38549334}"
EndProject
Global
	GlobalSection(SolutionConfigurationPlatforms) = preSolution
		Debug|Any CPU = Debug|Any CPU
		Release|Any CPU = Release|Any CPU
	EndGlobalSection
	GlobalSection(ProjectConfigurationPlatforms) = postSolution
		{B6E77E95-B870-47F7-893D-7C7F8AE8CB2B}.Debug|Any CPU.ActiveCfg = Debug|Any CPU
		{B6E77E95-B870-47F7-893D-7C7F8AE8CB2B}.Debug|Any CPU.Build.0 = Debug|Any CPU
		{B6E77E95-B870-47F7-893D-7C7F8AE8CB2B}.Release|Any CPU.ActiveCfg = Release|Any CPU
		{B6E77E95-B870-47F7-893D-7C7F8AE8CB2B}.Release|Any CPU.Build.0 = Release|Any CPU
		{1EDF153A-E091-4564-9725-0AC3931D5877}.Debug|Any CPU.ActiveCfg = Debug|Any CPU
		{1EDF153A-E091-4564-9725-0AC3931D5877}.Debug|Any CPU.Build.0 = Debug|Any CPU
		{1EDF153A-E091-4564-9725-0AC3931D5877}.Release|Any CPU.ActiveCfg = Release|Any CPU
		{1EDF153A-E091-4564-9725-0AC3931D5877}.Release|Any CPU.Build.0 = Release|Any CPU
		{7C8DD2B3-1FBE-4494-81D1-C7468E665976}.Debug|Any CPU.ActiveCfg = Debug|Any CPU
		{7C8DD2B3-1FBE-4494-81D1-C7468E665976}.Debug|Any CPU.Build.0 = Debug|Any CPU
		{7C8DD2B3-1FBE-4494-81D1-C7468E665976}.Release|Any CPU.ActiveCfg = Release|Any CPU
		{7C8DD2B3-1FBE-4494-81D1-C7468E665976}.Release|Any CPU.Build.0 = Release|Any CPU
		{A6F9CC47-998A-4D32-AE22-A85B3B1E812D}.Debug|Any CPU.ActiveCfg = Debug|Any CPU
		{A6F9CC47-998A-4D32-AE22-A85B3B1E812D}.Debug|Any CPU.Build.0 = Debug|Any CPU
		{A6F9CC47-998A-4D32-AE22-A85B3B1E812D}.Release|Any CPU.ActiveCfg = Release|Any CPU
		{A6F9CC47-998A-4D32-AE22-A85B3B1E812D}.Release|Any CPU.Build.0 = Release|Any CPU
		{DA88440A-A50E-414F-B28F-150239490112}.Debug|Any CPU.ActiveCfg = Debug|Any CPU
		{DA88440A-A50E-414F-B28F-150239490112}.Debug|Any CPU.Build.0 = Debug|Any CPU
		{DA88440A-A50E-414F-B28F-150239490112}.Release|Any CPU.ActiveCfg = Release|Any CPU
		{DA88440A-A50E-414F-B28F-150239490112}.Release|Any CPU.Build.0 = Release|Any CPU
		{4356E6C8-14A6-4D1F-A8B2-EA28F47F79D3}.Debug|Any CPU.ActiveCfg = Debug|Any CPU
		{4356E6C8-14A6-4D1F-A8B2-EA28F47F79D3}.Debug|Any CPU.Build.0 = Debug|Any CPU
		{4356E6C8-14A6-4D1F-A8B2-EA28F47F79D3}.Release|Any CPU.ActiveCfg = Release|Any CPU
		{4356E6C8-14A6-4D1F-A8B2-EA28F47F79D3}.Release|Any CPU.Build.0 = Release|Any CPU
		{24B58DC6-32F2-42A9-B678-8AB3ED90088B}.Debug|Any CPU.ActiveCfg = Debug|Any CPU
		{24B58DC6-32F2-42A9-B678-8AB3ED90088B}.Debug|Any CPU.Build.0 = Debug|Any CPU
		{24B58DC6-32F2-42A9-B678-8AB3ED90088B}.Release|Any CPU.ActiveCfg = Release|Any CPU
		{24B58DC6-32F2-42A9-B678-8AB3ED90088B}.Release|Any CPU.Build.0 = Release|Any CPU
		{A0CD9EDF-98FB-49F8-B951-A4255AB89D1C}.Debug|Any CPU.ActiveCfg = Debug|Any CPU
		{A0CD9EDF-98FB-49F8-B951-A4255AB89D1C}.Debug|Any CPU.Build.0 = Debug|Any CPU
		{A0CD9EDF-98FB-49F8-B951-A4255AB89D1C}.Release|Any CPU.ActiveCfg = Release|Any CPU
		{A0CD9EDF-98FB-49F8-B951-A4255AB89D1C}.Release|Any CPU.Build.0 = Release|Any CPU
		{0CCDC089-701B-4EE6-983A-D5F0A963455D}.Debug|Any CPU.ActiveCfg = Debug|Any CPU
		{0CCDC089-701B-4EE6-983A-D5F0A963455D}.Debug|Any CPU.Build.0 = Debug|Any CPU
		{0CCDC089-701B-4EE6-983A-D5F0A963455D}.Release|Any CPU.ActiveCfg = Release|Any CPU
		{0CCDC089-701B-4EE6-983A-D5F0A963455D}.Release|Any CPU.Build.0 = Release|Any CPU
		{C6DDA1E2-B489-428B-AD46-B5A7FE366EA5}.Debug|Any CPU.ActiveCfg = Debug|Any CPU
		{C6DDA1E2-B489-428B-AD46-B5A7FE366EA5}.Debug|Any CPU.Build.0 = Debug|Any CPU
		{C6DDA1E2-B489-428B-AD46-B5A7FE366EA5}.Release|Any CPU.ActiveCfg = Release|Any CPU
		{C6DDA1E2-B489-428B-AD46-B5A7FE366EA5}.Release|Any CPU.Build.0 = Release|Any CPU
		{002EF8F2-FB52-4E86-9276-2675D2724DCF}.Debug|Any CPU.ActiveCfg = Debug|Any CPU
		{002EF8F2-FB52-4E86-9276-2675D2724DCF}.Debug|Any CPU.Build.0 = Debug|Any CPU
		{002EF8F2-FB52-4E86-9276-2675D2724DCF}.Release|Any CPU.ActiveCfg = Release|Any CPU
		{002EF8F2-FB52-4E86-9276-2675D2724DCF}.Release|Any CPU.Build.0 = Release|Any CPU
		{B92FC4CB-DDC8-4DC9-BE66-70A7FFA87378}.Debug|Any CPU.ActiveCfg = Debug|Any CPU
		{B92FC4CB-DDC8-4DC9-BE66-70A7FFA87378}.Debug|Any CPU.Build.0 = Debug|Any CPU
		{B92FC4CB-DDC8-4DC9-BE66-70A7FFA87378}.Release|Any CPU.ActiveCfg = Release|Any CPU
		{B92FC4CB-DDC8-4DC9-BE66-70A7FFA87378}.Release|Any CPU.Build.0 = Release|Any CPU
		{87D65AC1-4ACC-47E0-8A4F-2EF05FA20168}.Debug|Any CPU.ActiveCfg = Debug|Any CPU
		{87D65AC1-4ACC-47E0-8A4F-2EF05FA20168}.Debug|Any CPU.Build.0 = Debug|Any CPU
		{87D65AC1-4ACC-47E0-8A4F-2EF05FA20168}.Release|Any CPU.ActiveCfg = Release|Any CPU
		{87D65AC1-4ACC-47E0-8A4F-2EF05FA20168}.Release|Any CPU.Build.0 = Release|Any CPU
		{E2D5190B-8F4E-4028-9530-9EAE7A642AC3}.Debug|Any CPU.ActiveCfg = Debug|Any CPU
		{E2D5190B-8F4E-4028-9530-9EAE7A642AC3}.Debug|Any CPU.Build.0 = Debug|Any CPU
		{E2D5190B-8F4E-4028-9530-9EAE7A642AC3}.Release|Any CPU.ActiveCfg = Release|Any CPU
		{E2D5190B-8F4E-4028-9530-9EAE7A642AC3}.Release|Any CPU.Build.0 = Release|Any CPU
		{E0921418-CBC7-4C88-AE0A-8C56D524B441}.Debug|Any CPU.ActiveCfg = Debug|Any CPU
		{E0921418-CBC7-4C88-AE0A-8C56D524B441}.Debug|Any CPU.Build.0 = Debug|Any CPU
		{E0921418-CBC7-4C88-AE0A-8C56D524B441}.Release|Any CPU.ActiveCfg = Release|Any CPU
		{E0921418-CBC7-4C88-AE0A-8C56D524B441}.Release|Any CPU.Build.0 = Release|Any CPU
		{E81D4678-AB76-405A-A14A-720AEC500061}.Debug|Any CPU.ActiveCfg = Debug|Any CPU
		{E81D4678-AB76-405A-A14A-720AEC500061}.Debug|Any CPU.Build.0 = Debug|Any CPU
		{E81D4678-AB76-405A-A14A-720AEC500061}.Release|Any CPU.ActiveCfg = Release|Any CPU
		{E81D4678-AB76-405A-A14A-720AEC500061}.Release|Any CPU.Build.0 = Release|Any CPU
		{333C91A6-44CE-4BBE-9276-649445F2CA95}.Debug|Any CPU.ActiveCfg = Debug|Any CPU
		{333C91A6-44CE-4BBE-9276-649445F2CA95}.Debug|Any CPU.Build.0 = Debug|Any CPU
		{333C91A6-44CE-4BBE-9276-649445F2CA95}.Release|Any CPU.ActiveCfg = Release|Any CPU
		{333C91A6-44CE-4BBE-9276-649445F2CA95}.Release|Any CPU.Build.0 = Release|Any CPU
		{72A088D4-6A3E-44F5-93A6-41CE93D728E8}.Debug|Any CPU.ActiveCfg = Debug|Any CPU
		{72A088D4-6A3E-44F5-93A6-41CE93D728E8}.Debug|Any CPU.Build.0 = Debug|Any CPU
		{72A088D4-6A3E-44F5-93A6-41CE93D728E8}.Release|Any CPU.ActiveCfg = Release|Any CPU
		{72A088D4-6A3E-44F5-93A6-41CE93D728E8}.Release|Any CPU.Build.0 = Release|Any CPU
		{756C5368-AA1B-478C-B792-CD7DC303C14E}.Debug|Any CPU.ActiveCfg = Debug|Any CPU
		{756C5368-AA1B-478C-B792-CD7DC303C14E}.Debug|Any CPU.Build.0 = Debug|Any CPU
		{756C5368-AA1B-478C-B792-CD7DC303C14E}.Release|Any CPU.ActiveCfg = Release|Any CPU
		{756C5368-AA1B-478C-B792-CD7DC303C14E}.Release|Any CPU.Build.0 = Release|Any CPU
		{3CDD3726-879E-474E-B6BE-8A9019655414}.Debug|Any CPU.ActiveCfg = Debug|Any CPU
		{3CDD3726-879E-474E-B6BE-8A9019655414}.Debug|Any CPU.Build.0 = Debug|Any CPU
		{3CDD3726-879E-474E-B6BE-8A9019655414}.Release|Any CPU.ActiveCfg = Release|Any CPU
		{3CDD3726-879E-474E-B6BE-8A9019655414}.Release|Any CPU.Build.0 = Release|Any CPU
		{70E0CEE8-CE6B-4460-9BA5-D00FDCBB2432}.Debug|Any CPU.ActiveCfg = Debug|Any CPU
		{70E0CEE8-CE6B-4460-9BA5-D00FDCBB2432}.Debug|Any CPU.Build.0 = Debug|Any CPU
		{70E0CEE8-CE6B-4460-9BA5-D00FDCBB2432}.Release|Any CPU.ActiveCfg = Release|Any CPU
		{70E0CEE8-CE6B-4460-9BA5-D00FDCBB2432}.Release|Any CPU.Build.0 = Release|Any CPU
		{AC4BC92A-1F74-430F-A4E4-6A7D8AEEA720}.Debug|Any CPU.ActiveCfg = Debug|Any CPU
		{AC4BC92A-1F74-430F-A4E4-6A7D8AEEA720}.Debug|Any CPU.Build.0 = Debug|Any CPU
		{AC4BC92A-1F74-430F-A4E4-6A7D8AEEA720}.Release|Any CPU.ActiveCfg = Release|Any CPU
		{AC4BC92A-1F74-430F-A4E4-6A7D8AEEA720}.Release|Any CPU.Build.0 = Release|Any CPU
		{830D6229-51FF-4FF4-A34E-97F2AF19E86D}.Debug|Any CPU.ActiveCfg = Debug|Any CPU
		{830D6229-51FF-4FF4-A34E-97F2AF19E86D}.Debug|Any CPU.Build.0 = Debug|Any CPU
		{830D6229-51FF-4FF4-A34E-97F2AF19E86D}.Release|Any CPU.ActiveCfg = Release|Any CPU
		{830D6229-51FF-4FF4-A34E-97F2AF19E86D}.Release|Any CPU.Build.0 = Release|Any CPU
		{3C0EBDBD-9A3C-4BB5-BA68-792C38549334}.Debug|Any CPU.ActiveCfg = Debug|Any CPU
		{3C0EBDBD-9A3C-4BB5-BA68-792C38549334}.Debug|Any CPU.Build.0 = Debug|Any CPU
		{3C0EBDBD-9A3C-4BB5-BA68-792C38549334}.Release|Any CPU.ActiveCfg = Release|Any CPU
		{3C0EBDBD-9A3C-4BB5-BA68-792C38549334}.Release|Any CPU.Build.0 = Release|Any CPU
	EndGlobalSection
	GlobalSection(SolutionProperties) = preSolution
		HideSolutionNode = FALSE
	EndGlobalSection
	GlobalSection(NestedProjects) = preSolution
		{B6E77E95-B870-47F7-893D-7C7F8AE8CB2B} = {C8B87D42-CFA7-43EA-86C7-874434C65687}
		{1EDF153A-E091-4564-9725-0AC3931D5877} = {C8B87D42-CFA7-43EA-86C7-874434C65687}
		{7C8DD2B3-1FBE-4494-81D1-C7468E665976} = {C8B87D42-CFA7-43EA-86C7-874434C65687}
		{A6F9CC47-998A-4D32-AE22-A85B3B1E812D} = {41966D27-15BB-4AB9-85BC-BC2F585E7BB2}
		{DA88440A-A50E-414F-B28F-150239490112} = {41966D27-15BB-4AB9-85BC-BC2F585E7BB2}
		{4356E6C8-14A6-4D1F-A8B2-EA28F47F79D3} = {41966D27-15BB-4AB9-85BC-BC2F585E7BB2}
		{24B58DC6-32F2-42A9-B678-8AB3ED90088B} = {2E5FC912-A699-45EA-A9AE-1D1B05D22653}
		{A0CD9EDF-98FB-49F8-B951-A4255AB89D1C} = {2E5FC912-A699-45EA-A9AE-1D1B05D22653}
		{0CCDC089-701B-4EE6-983A-D5F0A963455D} = {2E5FC912-A699-45EA-A9AE-1D1B05D22653}
		{C6DDA1E2-B489-428B-AD46-B5A7FE366EA5} = {357B4D3E-5F74-4A53-BCB1-EB646DDE6EDE}
		{002EF8F2-FB52-4E86-9276-2675D2724DCF} = {357B4D3E-5F74-4A53-BCB1-EB646DDE6EDE}
		{B92FC4CB-DDC8-4DC9-BE66-70A7FFA87378} = {357B4D3E-5F74-4A53-BCB1-EB646DDE6EDE}
		{87D65AC1-4ACC-47E0-8A4F-2EF05FA20168} = {2ECC7C6A-388E-4D15-B95D-17609E78E7B2}
		{E2D5190B-8F4E-4028-9530-9EAE7A642AC3} = {2ECC7C6A-388E-4D15-B95D-17609E78E7B2}
		{E0921418-CBC7-4C88-AE0A-8C56D524B441} = {2ECC7C6A-388E-4D15-B95D-17609E78E7B2}
		{E81D4678-AB76-405A-A14A-720AEC500061} = {6BFB471C-90B8-4949-B8E0-124B141949C7}
		{333C91A6-44CE-4BBE-9276-649445F2CA95} = {6BFB471C-90B8-4949-B8E0-124B141949C7}
		{72A088D4-6A3E-44F5-93A6-41CE93D728E8} = {6BFB471C-90B8-4949-B8E0-124B141949C7}
		{756C5368-AA1B-478C-B792-CD7DC303C14E} = {B1E61A86-BBCB-4268-8BD9-7BF2317DB7C7}
		{3CDD3726-879E-474E-B6BE-8A9019655414} = {B1E61A86-BBCB-4268-8BD9-7BF2317DB7C7}
		{70E0CEE8-CE6B-4460-9BA5-D00FDCBB2432} = {B1E61A86-BBCB-4268-8BD9-7BF2317DB7C7}
		{AC4BC92A-1F74-430F-A4E4-6A7D8AEEA720} = {67F11577-5436-46A3-B486-C648AB55A8B2}
		{830D6229-51FF-4FF4-A34E-97F2AF19E86D} = {67F11577-5436-46A3-B486-C648AB55A8B2}
		{3C0EBDBD-9A3C-4BB5-BA68-792C38549334} = {67F11577-5436-46A3-B486-C648AB55A8B2}
	EndGlobalSection
	GlobalSection(ExtensibilityGlobals) = postSolution
		SolutionGuid = {C0E6FA90-D004-4086-86C8-154C9ED146CC}
	EndGlobalSection
EndGlobal
